
Microsoft Visual Studio Solution File, Format Version 12.00
# Visual Studio 15
VisualStudioVersion = 15.0.28307.168
MinimumVisualStudioVersion = 10.0.40219.1
Project("{8BC9CEB8-8B4A-11D0-8D11-00A0C91BC942}") = "学生成绩管理系统链表2", "学生成绩管理系统链表2\学生成绩管理系统链表2.vcxproj", "{78A7AB34-573A-4667-AB77-4AF82F93DCC5}"
EndProject
Global
	GlobalSection(SolutionConfigurationPlatforms) = preSolution
		Debug|x64 = Debug|x64
		Debug|x86 = Debug|x86
		Release|x64 = Release|x64
		Release|x86 = Release|x86
	EndGlobalSection
	GlobalSection(ProjectConfigurationPlatforms) = postSolution
		{78A7AB34-573A-4667-AB77-4AF82F93DCC5}.Debug|x64.ActiveCfg = Debug|x64
		{78A7AB34-573A-4667-AB77-4AF82F93DCC5}.Debug|x64.Build.0 = Debug|x64
		{78A7AB34-573A-4667-AB77-4AF82F93DCC5}.Debug|x86.ActiveCfg = Debug|Win32
		{78A7AB34-573A-4667-AB77-4AF82F93DCC5}.Debug|x86.Build.0 = Debug|Win32
		{78A7AB34-573A-4667-AB77-4AF82F93DCC5}.Release|x64.ActiveCfg = Release|x64
		{78A7AB34-573A-4667-AB77-4AF82F93DCC5}.Release|x64.Build.0 = Release|x64
		{78A7AB34-573A-4667-AB77-4AF82F93DCC5}.Release|x86.ActiveCfg = Release|Win32
		{78A7AB34-573A-4667-AB77-4AF82F93DCC5}.Release|x86.Build.0 = Release|Win32
	EndGlobalSection
	GlobalSection(SolutionProperties) = preSolution
		HideSolutionNode = FALSE
	EndGlobalSection
	GlobalSection(ExtensibilityGlobals) = postSolution
		SolutionGuid = {1AB46F73-880D-4B92-901F-DCAF12071BB2}
	EndGlobalSection
EndGlobal
